// !$*UTF8*$!
{
	archiveVersion = 1;
	classes = {
	};
	objectVersion = 77;
	objects = {

/* Begin PBXBuildFile section */
		92808F522DCCD06A001458F9 /* MessageUI.framework in Frameworks */ = {isa = PBXBuildFile; fileRef = 92808F512DCCD06A001458F9 /* MessageUI.framework */; };
/* End PBXBuildFile section */

/* Begin PBXContainerItemProxy section */
		92FE317C2DC62AF30064D501 /* PBXContainerItemProxy */ = {
			isa = PBXContainerItemProxy;
			containerPortal = 92FE315D2DC62AF10064D501 /* Project object */;
			proxyType = 1;
			remoteGlobalIDString = 92FE31642DC62AF10064D501;
			remoteInfo = "quick-message";
		};
		92FE31862DC62AF30064D501 /* PBXContainerItemProxy */ = {
			isa = PBXContainerItemProxy;
			containerPortal = 92FE315D2DC62AF10064D501 /* Project object */;
			proxyType = 1;
			remoteGlobalIDString = 92FE31642DC62AF10064D501;
			remoteInfo = "quick-message";
		};
/* End PBXContainerItemProxy section */

/* Begin PBXFileReference section */
		92808F512DCCD06A001458F9 /* MessageUI.framework */ = {isa = PBXFileReference; lastKnownFileType = wrapper.framework; name = MessageUI.framework; path = System/Library/Frameworks/MessageUI.framework; sourceTree = SDKROOT; };
		92FE31652DC62AF10064D501 /* quick-message.app */ = {isa = PBXFileReference; explicitFileType = wrapper.application; includeInIndex = 0; path = "quick-message.app"; sourceTree = BUILT_PRODUCTS_DIR; };
		92FE317B2DC62AF30064D501 /* quick-messageTests.xctest */ = {isa = PBXFileReference; explicitFileType = wrapper.cfbundle; includeInIndex = 0; path = "quick-messageTests.xctest"; sourceTree = BUILT_PRODUCTS_DIR; };
		92FE31852DC62AF30064D501 /* quick-messageUITests.xctest */ = {isa = PBXFileReference; explicitFileType = wrapper.cfbundle; includeInIndex = 0; path = "quick-messageUITests.xctest"; sourceTree = BUILT_PRODUCTS_DIR; };
/* End PBXFileReference section */

/* Begin PBXFileSystemSynchronizedBuildFileExceptionSet section */
		92FE318D2DC62AF30064D501 /* Exceptions for "quick-message" folder in "quick-message" target */ = {
			isa = PBXFileSystemSynchronizedBuildFileExceptionSet;
			membershipExceptions = (
				Info.plist,
			);
			target = 92FE31642DC62AF10064D501 /* quick-message */;
		};
/* End PBXFileSystemSynchronizedBuildFileExceptionSet section */

/* Begin PBXFileSystemSynchronizedRootGroup section */
		92FE31672DC62AF10064D501 /* quick-message */ = {
			isa = PBXFileSystemSynchronizedRootGroup;
			exceptions = (
				92FE318D2DC62AF30064D501 /* Exceptions for "quick-message" folder in "quick-message" target */,
			);
			path = "quick-message";
			sourceTree = "<group>";
		};
		92FE317E2DC62AF30064D501 /* quick-messageTests */ = {
			isa = PBXFileSystemSynchronizedRootGroup;
			path = "quick-messageTests";
			sourceTree = "<group>";
		};
		92FE31882DC62AF30064D501 /* quick-messageUITests */ = {
			isa = PBXFileSystemSynchronizedRootGroup;
			path = "quick-messageUITests";
			sourceTree = "<group>";
		};
/* End PBXFileSystemSynchronizedRootGroup section */

/* Begin PBXFrameworksBuildPhase section */
		92FE31622DC62AF10064D501 /* Frameworks */ = {
			isa = PBXFrameworksBuildPhase;
			buildActionMask = 2147483647;
			files = (
				92808F522DCCD06A001458F9 /* MessageUI.framework in Frameworks */,
			);
			runOnlyForDeploymentPostprocessing = 0;
		};
		92FE31782DC62AF30064D501 /* Frameworks */ = {
			isa = PBXFrameworksBuildPhase;
			buildActionMask = 2147483647;
			files = (
			);
			runOnlyForDeploymentPostprocessing = 0;
		};
		92FE31822DC62AF30064D501 /* Frameworks */ = {
			isa = PBXFrameworksBuildPhase;
			buildActionMask = 2147483647;
			files = (
			);
			runOnlyForDeploymentPostprocessing = 0;
		};
/* End PBXFrameworksBuildPhase section */

/* Begin PBXGroup section */
		92808F502DCCD06A001458F9 /* Frameworks */ = {
			isa = PBXGroup;
			children = (
				92808F512DCCD06A001458F9 /* MessageUI.framework */,
			);
			name = Frameworks;
			sourceTree = "<group>";
		};
		92FE315C2DC62AF10064D501 = {
			isa = PBXGroup;
			children = (
				92FE31672DC62AF10064D501 /* quick-message */,
				92FE317E2DC62AF30064D501 /* quick-messageTests */,
				92FE31882DC62AF30064D501 /* quick-messageUITests */,
				92808F502DCCD06A001458F9 /* Frameworks */,
				92FE31662DC62AF10064D501 /* Products */,
			);
			sourceTree = "<group>";
		};
		92FE31662DC62AF10064D501 /* Products */ = {
			isa = PBXGroup;
			children = (
				92FE31652DC62AF10064D501 /* quick-message.app */,
				92FE317B2DC62AF30064D501 /* quick-messageTests.xctest */,
				92FE31852DC62AF30064D501 /* quick-messageUITests.xctest */,
			);
			name = Products;
			sourceTree = "<group>";
		};
/* End PBXGroup section */

/* Begin PBXNativeTarget section */
		92FE31642DC62AF10064D501 /* quick-message */ = {
			isa = PBXNativeTarget;
			buildConfigurationList = 92FE318E2DC62AF30064D501 /* Build configuration list for PBXNativeTarget "quick-message" */;
			buildPhases = (
				92FE31612DC62AF10064D501 /* Sources */,
				92FE31622DC62AF10064D501 /* Frameworks */,
				92FE31632DC62AF10064D501 /* Resources */,
			);
			buildRules = (
			);
			dependencies = (
			);
			fileSystemSynchronizedGroups = (
				92FE31672DC62AF10064D501 /* quick-message */,
			);
			name = "quick-message";
			packageProductDependencies = (
			);
			productName = "quick-message";
			productReference = 92FE31652DC62AF10064D501 /* quick-message.app */;
			productType = "com.apple.product-type.application";
		};
		92FE317A2DC62AF30064D501 /* quick-messageTests */ = {
			isa = PBXNativeTarget;
			buildConfigurationList = 92FE31932DC62AF30064D501 /* Build configuration list for PBXNativeTarget "quick-messageTests" */;
			buildPhases = (
				92FE31772DC62AF30064D501 /* Sources */,
				92FE31782DC62AF30064D501 /* Frameworks */,
				92FE31792DC62AF30064D501 /* Resources */,
			);
			buildRules = (
			);
			dependencies = (
				92FE317D2DC62AF30064D501 /* PBXTargetDependency */,
			);
			fileSystemSynchronizedGroups = (
				92FE317E2DC62AF30064D501 /* quick-messageTests */,
			);
			name = "quick-messageTests";
			packageProductDependencies = (
			);
			productName = "quick-messageTests";
			productReference = 92FE317B2DC62AF30064D501 /* quick-messageTests.xctest */;
			productType = "com.apple.product-type.bundle.unit-test";
		};
		92FE31842DC62AF30064D501 /* quick-messageUITests */ = {
			isa = PBXNativeTarget;
			buildConfigurationList = 92FE31962DC62AF30064D501 /* Build configuration list for PBXNativeTarget "quick-messageUITests" */;
			buildPhases = (
				92FE31812DC62AF30064D501 /* Sources */,
				92FE31822DC62AF30064D501 /* Frameworks */,
				92FE31832DC62AF30064D501 /* Resources */,
			);
			buildRules = (
			);
			dependencies = (
				92FE31872DC62AF30064D501 /* PBXTargetDependency */,
			);
			fileSystemSynchronizedGroups = (
				92FE31882DC62AF30064D501 /* quick-messageUITests */,
			);
			name = "quick-messageUITests";
			packageProductDependencies = (
			);
			productName = "quick-messageUITests";
			productReference = 92FE31852DC62AF30064D501 /* quick-messageUITests.xctest */;
			productType = "com.apple.product-type.bundle.ui-testing";
		};
/* End PBXNativeTarget section */

/* Begin PBXProject section */
		92FE315D2DC62AF10064D501 /* Project object */ = {
			isa = PBXProject;
			attributes = {
				BuildIndependentTargetsInParallel = 1;
				LastSwiftUpdateCheck = 1610;
				LastUpgradeCheck = 1610;
				TargetAttributes = {
					92FE31642DC62AF10064D501 = {
						CreatedOnToolsVersion = 16.1;
					};
					92FE317A2DC62AF30064D501 = {
						CreatedOnToolsVersion = 16.1;
						TestTargetID = 92FE31642DC62AF10064D501;
					};
					92FE31842DC62AF30064D501 = {
						CreatedOnToolsVersion = 16.1;
						TestTargetID = 92FE31642DC62AF10064D501;
					};
				};
			};
			buildConfigurationList = 92FE31602DC62AF10064D501 /* Build configuration list for PBXProject "quick-message" */;
			developmentRegion = en;
			hasScannedForEncodings = 0;
			knownRegions = (
				en,
				Base,
			);
			mainGroup = 92FE315C2DC62AF10064D501;
			minimizedProjectReferenceProxies = 1;
			preferredProjectObjectVersion = 77;
			productRefGroup = 92FE31662DC62AF10064D501 /* Products */;
			projectDirPath = "";
			projectRoot = "";
			targets = (
				92FE31642DC62AF10064D501 /* quick-message */,
				92FE317A2DC62AF30064D501 /* quick-messageTests */,
				92FE31842DC62AF30064D501 /* quick-messageUITests */,
			);
		};
/* End PBXProject section */

/* Begin PBXResourcesBuildPhase section */
		92FE31632DC62AF10064D501 /* Resources */ = {
			isa = PBXResourcesBuildPhase;
			buildActionMask = 2147483647;
			files = (
			);
			runOnlyForDeploymentPostprocessing = 0;
		};
		92FE31792DC62AF30064D501 /* Resources */ = {
			isa = PBXResourcesBuildPhase;
			buildActionMask = 2147483647;
			files = (
			);
			runOnlyForDeploymentPostprocessing = 0;
		};
		92FE31832DC62AF30064D501 /* Resources */ = {
			isa = PBXResourcesBuildPhase;
			buildActionMask = 2147483647;
			files = (
			);
			runOnlyForDeploymentPostprocessing = 0;
		};
/* End PBXResourcesBuildPhase section */

/* Begin PBXSourcesBuildPhase section */
		92FE31612DC62AF10064D501 /* Sources */ = {
			isa = PBXSourcesBuildPhase;
			buildActionMask = 2147483647;
			files = (
			);
			runOnlyForDeploymentPostprocessing = 0;
		};
		92FE31772DC62AF30064D501 /* Sources */ = {
			isa = PBXSourcesBuildPhase;
			buildActionMask = 2147483647;
			files = (
			);
			runOnlyForDeploymentPostprocessing = 0;
		};
		92FE31812DC62AF30064D501 /* Sources */ = {
			isa = PBXSourcesBuildPhase;
			buildActionMask = 2147483647;
			files = (
			);
			runOnlyForDeploymentPostprocessing = 0;
		};
/* End PBXSourcesBuildPhase section */

/* Begin PBXTargetDependency section */
		92FE317D2DC62AF30064D501 /* PBXTargetDependency */ = {
			isa = PBXTargetDependency;
			target = 92FE31642DC62AF10064D501 /* quick-message */;
			targetProxy = 92FE317C2DC62AF30064D501 /* PBXContainerItemProxy */;
		};
		92FE31872DC62AF30064D501 /* PBXTargetDependency */ = {
			isa = PBXTargetDependency;
			target = 92FE31642DC62AF10064D501 /* quick-message */;
			targetProxy = 92FE31862DC62AF30064D501 /* PBXContainerItemProxy */;
		};
/* End PBXTargetDependency section */

/* Begin XCBuildConfiguration section */
		92FE318F2DC62AF30064D501 /* Debug */ = {
			isa = XCBuildConfiguration;
			buildSettings = {
				ASSETCATALOG_COMPILER_APPICON_NAME = AppIcon;
				ASSETCATALOG_COMPILER_GLOBAL_ACCENT_COLOR_NAME = AccentColor;
				CODE_SIGN_IDENTITY = "Apple Development";
				CODE_SIGN_STYLE = Automatic;
				CURRENT_PROJECT_VERSION = 1;
				DEVELOPMENT_TEAM = K6P2B247NZ;
				GENERATE_INFOPLIST_FILE = YES;
				INFOPLIST_FILE = "quick-message/Info.plist";
				INFOPLIST_KEY_UIApplicationSupportsIndirectInputEvents = YES;
				INFOPLIST_KEY_UILaunchStoryboardName = LaunchScreen;
				INFOPLIST_KEY_UIMainStoryboardFile = Main;
				INFOPLIST_KEY_UISupportedInterfaceOrientations_iPad = "UIInterfaceOrientationPortrait UIInterfaceOrientationPortraitUpsideDown UIInterfaceOrientationLandscapeLeft UIInterfaceOrientationLandscapeRight";
				INFOPLIST_KEY_UISupportedInterfaceOrientations_iPhone = "UIInterfaceOrientationPortrait UIInterfaceOrientationLandscapeLeft UIInterfaceOrientationLandscapeRight";
				LD_RUNPATH_SEARCH_PATHS = (
					"$(inherited)",
					"@executable_path/Frameworks",
				);
				MARKETING_VERSION = 1.0;
				PRODUCT_BUNDLE_IDENTIFIER = "Alp.quick-message";
				PRODUCT_NAME = "$(TARGET_NAME)";
				PROVISIONING_PROFILE_SPECIFIER = "";
				SWIFT_EMIT_LOC_STRINGS = YES;
				SWIFT_VERSION = 5.0;
				TARGETED_DEVICE_FAMILY = "1,2";
			};
			name = Debug;
		};
		92FE31902DC62AF30064D501 /* Release */ = {
			isa = XCBuildConfiguration;
			buildSettings = {
				ASSETCATALOG_COMPILER_APPICON_NAME = AppIcon;
				ASSETCATALOG_COMPILER_GLOBAL_ACCENT_COLOR_NAME = AccentColor;
				CODE_SIGN_IDENTITY = "Apple Development";
				CODE_SIGN_STYLE = Automatic;
				CURRENT_PROJECT_VERSION = 1;
				DEVELOPMENT_TEAM = K6P2B247NZ;
				GENERATE_INFOPLIST_FILE = YES;
				INFOPLIST_FILE = "quick-message/Info.plist";
				INFOPLIST_KEY_UIApplicationSupportsIndirectInputEvents = YES;
				INFOPLIST_KEY_UILaunchStoryboardName = LaunchScreen;
				INFOPLIST_KEY_UIMainStoryboardFile = Main;
				INFOPLIST_KEY_UISupportedInterfaceOrientations_iPad = "UIInterfaceOrientationPortrait UIInterfaceOrientationPortraitUpsideDown UIInterfaceOrientationLandscapeLeft UIInterfaceOrientationLandscapeRight";
				INFOPLIST_KEY_UISupportedInterfaceOrientations_iPhone = "UIInterfaceOrientationPortrait UIInterfaceOrientationLandscapeLeft UIInterfaceOrientationLandscapeRight";
				LD_RUNPATH_SEARCH_PATHS = (
					"$(inherited)",
					"@executable_path/Frameworks",
				);
				MARKETING_VERSION = 1.0;
				PRODUCT_BUNDLE_IDENTIFIER = "Alp.quick-message";
				PRODUCT_NAME = "$(TARGET_NAME)";
				PROVISIONING_PROFILE_SPECIFIER = "";
				SWIFT_EMIT_LOC_STRINGS = YES;
				SWIFT_VERSION = 5.0;
				TARGETED_DEVICE_FAMILY = "1,2";
			};
			name = Release;
		};
		92FE31912DC62AF30064D501 /* Debug */ = {
			isa = XCBuildConfiguration;
			buildSettings = {
				ALWAYS_SEARCH_USER_PATHS = NO;
				ASSETCATALOG_COMPILER_GENERATE_SWIFT_ASSET_SYMBOL_EXTENSIONS = YES;
				CLANG_ANALYZER_NONNULL = YES;
				CLANG_ANALYZER_NUMBER_OBJECT_CONVERSION = YES_AGGRESSIVE;
				CLANG_CXX_LANGUAGE_STANDARD = "gnu++20";
				CLANG_ENABLE_MODULES = YES;
				CLANG_ENABLE_OBJC_ARC = YES;
				CLANG_ENABLE_OBJC_WEAK = YES;
				CLANG_WARN_BLOCK_CAPTURE_AUTORELEASING = YES;
				CLANG_WARN_BOOL_CONVERSION = YES;
				CLANG_WARN_COMMA = YES;
				CLANG_WARN_CONSTANT_CONVERSION = YES;
				CLANG_WARN_DEPRECATED_OBJC_IMPLEMENTATIONS = YES;
				CLANG_WARN_DIRECT_OBJC_ISA_USAGE = YES_ERROR;
				CLANG_WARN_DOCUMENTATION_COMMENTS = YES;
				CLANG_WARN_EMPTY_BODY = YES;
				CLANG_WARN_ENUM_CONVERSION = YES;
				CLANG_WARN_INFINITE_RECURSION = YES;
				CLANG_WARN_INT_CONVERSION = YES;
				CLANG_WARN_NON_LITERAL_NULL_CONVERSION = YES;
				CLANG_WARN_OBJC_IMPLICIT_RETAIN_SELF = YES;
				CLANG_WARN_OBJC_LITERAL_CONVERSION = YES;
				CLANG_WARN_OBJC_ROOT_CLASS = YES_ERROR;
				CLANG_WARN_QUOTED_INCLUDE_IN_FRAMEWORK_HEADER = YES;
				CLANG_WARN_RANGE_LOOP_ANALYSIS = YES;
				CLANG_WARN_STRICT_PROTOTYPES = YES;
				CLANG_WARN_SUSPICIOUS_MOVE = YES;
				CLANG_WARN_UNGUARDED_AVAILABILITY = YES_AGGRESSIVE;
				CLANG_WARN_UNREACHABLE_CODE = YES;
				CLANG_WARN__DUPLICATE_METHOD_MATCH = YES;
				COPY_PHASE_STRIP = NO;
				DEBUG_INFORMATION_FORMAT = dwarf;
				ENABLE_STRICT_OBJC_MSGSEND = YES;
				ENABLE_TESTABILITY = YES;
				ENABLE_USER_SCRIPT_SANDBOXING = YES;
				GCC_C_LANGUAGE_STANDARD = gnu17;
				GCC_DYNAMIC_NO_PIC = NO;
				GCC_NO_COMMON_BLOCKS = YES;
				GCC_OPTIMIZATION_LEVEL = 0;
				GCC_PREPROCESSOR_DEFINITIONS = (
					"DEBUG=1",
					"$(inherited)",
				);
				GCC_WARN_64_TO_32_BIT_CONVERSION = YES;
				GCC_WARN_ABOUT_RETURN_TYPE = YES_ERROR;
				GCC_WARN_UNDECLARED_SELECTOR = YES;
				GCC_WARN_UNINITIALIZED_AUTOS = YES_AGGRESSIVE;
				GCC_WARN_UNUSED_FUNCTION = YES;
				GCC_WARN_UNUSED_VARIABLE = YES;
				IPHONEOS_DEPLOYMENT_TARGET = 18.1;
				LOCALIZATION_PREFERS_STRING_CATALOGS = YES;
				MTL_ENABLE_DEBUG_INFO = INCLUDE_SOURCE;
				MTL_FAST_MATH = YES;
				ONLY_ACTIVE_ARCH = YES;
				SDKROOT = iphoneos;
				SWIFT_ACTIVE_COMPILATION_CONDITIONS = "DEBUG $(inherited)";
				SWIFT_OPTIMIZATION_LEVEL = "-Onone";
			};
			name = Debug;
		};
		92FE31922DC62AF30064D501 /* Release */ = {
			isa = XCBuildConfiguration;
			buildSettings = {
				ALWAYS_SEARCH_USER_PATHS = NO;
				ASSETCATALOG_COMPILER_GENERATE_SWIFT_ASSET_SYMBOL_EXTENSIONS = YES;
				CLANG_ANALYZER_NONNULL = YES;
				CLANG_ANALYZER_NUMBER_OBJECT_CONVERSION = YES_AGGRESSIVE;
				CLANG_CXX_LANGUAGE_STANDARD = "gnu++20";
				CLANG_ENABLE_MODULES = YES;
				CLANG_ENABLE_OBJC_ARC = YES;
				CLANG_ENABLE_OBJC_WEAK = YES;
				CLANG_WARN_BLOCK_CAPTURE_AUTORELEASING = YES;
				CLANG_WARN_BOOL_CONVERSION = YES;
				CLANG_WARN_COMMA = YES;
				CLANG_WARN_CONSTANT_CONVERSION = YES;
				CLANG_WARN_DEPRECATED_OBJC_IMPLEMENTATIONS = YES;
				CLANG_WARN_DIRECT_OBJC_ISA_USAGE = YES_ERROR;
				CLANG_WARN_DOCUMENTATION_COMMENTS = YES;
				CLANG_WARN_EMPTY_BODY = YES;
				CLANG_WARN_ENUM_CONVERSION = YES;
				CLANG_WARN_INFINITE_RECURSION = YES;
				CLANG_WARN_INT_CONVERSION = YES;
				CLANG_WARN_NON_LITERAL_NULL_CONVERSION = YES;
				CLANG_WARN_OBJC_IMPLICIT_RETAIN_SELF = YES;
				CLANG_WARN_OBJC_LITERAL_CONVERSION = YES;
				CLANG_WARN_OBJC_ROOT_CLASS = YES_ERROR;
				CLANG_WARN_QUOTED_INCLUDE_IN_FRAMEWORK_HEADER = YES;
				CLANG_WARN_RANGE_LOOP_ANALYSIS = YES;
				CLANG_WARN_STRICT_PROTOTYPES = YES;
				CLANG_WARN_SUSPICIOUS_MOVE = YES;
				CLANG_WARN_UNGUARDED_AVAILABILITY = YES_AGGRESSIVE;
				CLANG_WARN_UNREACHABLE_CODE = YES;
				CLANG_WARN__DUPLICATE_METHOD_MATCH = YES;
				COPY_PHASE_STRIP = NO;
				DEBUG_INFORMATION_FORMAT = "dwarf-with-dsym";
				ENABLE_NS_ASSERTIONS = NO;
				ENABLE_STRICT_OBJC_MSGSEND = YES;
				ENABLE_USER_SCRIPT_SANDBOXING = YES;
				GCC_C_LANGUAGE_STANDARD = gnu17;
				GCC_NO_COMMON_BLOCKS = YES;
				GCC_WARN_64_TO_32_BIT_CONVERSION = YES;
				GCC_WARN_ABOUT_RETURN_TYPE = YES_ERROR;
				GCC_WARN_UNDECLARED_SELECTOR = YES;
				GCC_WARN_UNINITIALIZED_AUTOS = YES_AGGRESSIVE;
				GCC_WARN_UNUSED_FUNCTION = YES;
				GCC_WARN_UNUSED_VARIABLE = YES;
				IPHONEOS_DEPLOYMENT_TARGET = 18.1;
				LOCALIZATION_PREFERS_STRING_CATALOGS = YES;
				MTL_ENABLE_DEBUG_INFO = NO;
				MTL_FAST_MATH = YES;
				SDKROOT = iphoneos;
				SWIFT_COMPILATION_MODE = wholemodule;
				VALIDATE_PRODUCT = YES;
			};
			name = Release;
		};
		92FE31942DC62AF30064D501 /* Debug */ = {
			isa = XCBuildConfiguration;
			buildSettings = {
				BUNDLE_LOADER = "$(TEST_HOST)";
				CODE_SIGN_STYLE = Automatic;
				CURRENT_PROJECT_VERSION = 1;
				GENERATE_INFOPLIST_FILE = YES;
				IPHONEOS_DEPLOYMENT_TARGET = 18.1;
				MARKETING_VERSION = 1.0;
				PRODUCT_BUNDLE_IDENTIFIER = "Alp.quick-messageTests";
				PRODUCT_NAME = "$(TARGET_NAME)";
				SWIFT_EMIT_LOC_STRINGS = NO;
				SWIFT_VERSION = 5.0;
				TARGETED_DEVICE_FAMILY = "1,2";
				TEST_HOST = "$(BUILT_PRODUCTS_DIR)/quick-message.app/$(BUNDLE_EXECUTABLE_FOLDER_PATH)/quick-message";
			};
			name = Debug;
		};
		92FE31952DC62AF30064D501 /* Release */ = {
			isa = XCBuildConfiguration;
			buildSettings = {
				BUNDLE_LOADER = "$(TEST_HOST)";
				CODE_SIGN_STYLE = Automatic;
				CURRENT_PROJECT_VERSION = 1;
				GENERATE_INFOPLIST_FILE = YES;
				IPHONEOS_DEPLOYMENT_TARGET = 18.1;
				MARKETING_VERSION = 1.0;
				PRODUCT_BUNDLE_IDENTIFIER = "Alp.quick-messageTests";
				PRODUCT_NAME = "$(TARGET_NAME)";
				SWIFT_EMIT_LOC_STRINGS = NO;
				SWIFT_VERSION = 5.0;
				TARGETED_DEVICE_FAMILY = "1,2";
				TEST_HOST = "$(BUILT_PRODUCTS_DIR)/quick-message.app/$(BUNDLE_EXECUTABLE_FOLDER_PATH)/quick-message";
			};
			name = Release;
		};
		92FE31972DC62AF30064D501 /* Debug */ = {
			isa = XCBuildConfiguration;
			buildSettings = {
				CODE_SIGN_STYLE = Automatic;
				CURRENT_PROJECT_VERSION = 1;
				GENERATE_INFOPLIST_FILE = YES;
				MARKETING_VERSION = 1.0;
				PRODUCT_BUNDLE_IDENTIFIER = "Alp.quick-messageUITests";
				PRODUCT_NAME = "$(TARGET_NAME)";
				SWIFT_EMIT_LOC_STRINGS = NO;
				SWIFT_VERSION = 5.0;
				TARGETED_DEVICE_FAMILY = "1,2";
				TEST_TARGET_NAME = "quick-message";
			};
			name = Debug;
		};
		92FE31982DC62AF30064D501 /* Release */ = {
			isa = XCBuildConfiguration;
			buildSettings = {
				CODE_SIGN_STYLE = Automatic;
				CURRENT_PROJECT_VERSION = 1;
				GENERATE_INFOPLIST_FILE = YES;
				MARKETING_VERSION = 1.0;
				PRODUCT_BUNDLE_IDENTIFIER = "Alp.quick-messageUITests";
				PRODUCT_NAME = "$(TARGET_NAME)";
				SWIFT_EMIT_LOC_STRINGS = NO;
				SWIFT_VERSION = 5.0;
				TARGETED_DEVICE_FAMILY = "1,2";
				TEST_TARGET_NAME = "quick-message";
			};
			name = Release;
		};
/* End XCBuildConfiguration section */

/* Begin XCConfigurationList section */
		92FE31602DC62AF10064D501 /* Build configuration list for PBXProject "quick-message" */ = {
			isa = XCConfigurationList;
			buildConfigurations = (
				92FE31912DC62AF30064D501 /* Debug */,
				92FE31922DC62AF30064D501 /* Release */,
			);
			defaultConfigurationIsVisible = 0;
			defaultConfigurationName = Release;
		};
		92FE318E2DC62AF30064D501 /* Build configuration list for PBXNativeTarget "quick-message" */ = {
			isa = XCConfigurationList;
			buildConfigurations = (
				92FE318F2DC62AF30064D501 /* Debug */,
				92FE31902DC62AF30064D501 /* Release */,
			);
			defaultConfigurationIsVisible = 0;
			defaultConfigurationName = Release;
		};
		92FE31932DC62AF30064D501 /* Build configuration list for PBXNativeTarget "quick-messageTests" */ = {
			isa = XCConfigurationList;
			buildConfigurations = (
				92FE31942DC62AF30064D501 /* Debug */,
				92FE31952DC62AF30064D501 /* Release */,
			);
			defaultConfigurationIsVisible = 0;
			defaultConfigurationName = Release;
		};
		92FE31962DC62AF30064D501 /* Build configuration list for PBXNativeTarget "quick-messageUITests" */ = {
			isa = XCConfigurationList;
			buildConfigurations = (
				92FE31972DC62AF30064D501 /* Debug */,
				92FE31982DC62AF30064D501 /* Release */,
			);
			defaultConfigurationIsVisible = 0;
			defaultConfigurationName = Release;
		};
/* End XCConfigurationList section */
	};
	rootObject = 92FE315D2DC62AF10064D501 /* Project object */;
}
